{
	"args4j:args4j": { "locked": "2.33" },
	
	"com.google.code.findbugs:jsr305": { "locked": "3.0.1" },
	
	"com.google.code.gson:gson": { "locked": "2.7" },
	
	"javax.inject:javax.inject": { "locked": "1" },
	
	"junit:junit": { "locked": "4.4" },
	
	"org.springframework:spring-context": { "locked": "4.3.7.RELEASE" },
	
	"org.mockito:mockito-core": { "locked": "2.2.5" },
	
	"org.slf4j:slf4j-api": { "locked": "1.7.21" },
	"org.slf4j:slf4j-simple": { "locked": "1.7.12" },
	
	"org.testfx:testfx-core" : { "locked": "4.0.6-alpha" },
	"org.testfx:testfx-junit" : { "locked": "4.0.6-alpha" },
	
	"org.testng:testng": { "locked": "6.9.10" },
}